{
  "originHash" : "6c780d13445e0e29b4a788c62488c63bede8d9c5e062dce29018558ab0c2cae4",
  "pins" : [
    {
      "identity" : "capacitor-swift-pm",
      "kind" : "remoteSourceControl",
      "location" : "https://github.com/ionic-team/capacitor-swift-pm.git",
      "state" : {
        "revision" : "f1a8fadf1437c23b825c818fb6509c9dbbae2f61",
        "version" : "8.3.1"
      }
    }
  ],
  "version" : 3
}
